
Microsoft Visual Studio Solution File, Format Version 12.00
# Visual Studio 2013
VisualStudioVersion = 12.0.30723.0
MinimumVisualStudioVersion = 10.0.40219.1
Project("{FAE04EC0-301F-11D3-BF4B-00C04F79EFBC}") = "41cite", "41cite\41cite.csproj", "{087C7E26-3F76-44EA-882F-D4CF3E6FDCCB}"
EndProject
Global
	GlobalSection(SolutionConfigurationPlatforms) = preSolution
		Debug|Any CPU = Debug|Any CPU
		Release|Any CPU = Release|Any CPU
	EndGlobalSection
	GlobalSection(ProjectConfigurationPlatforms) = postSolution
		{087C7E26-3F76-44EA-882F-D4CF3E6FDCCB}.Debug|Any CPU.ActiveCfg = Debug|Any CPU
		{087C7E26-3F76-44EA-882F-D4CF3E6FDCCB}.Debug|Any CPU.Build.0 = Debug|Any CPU
		{087C7E26-3F76-44EA-882F-D4CF3E6FDCCB}.Release|Any CPU.ActiveCfg = Release|Any CPU
		{087C7E26-3F76-44EA-882F-D4CF3E6FDCCB}.Release|Any CPU.Build.0 = Release|Any CPU
	EndGlobalSection
	GlobalSection(SolutionProperties) = preSolution
		HideSolutionNode = FALSE
	EndGlobalSection
EndGlobal
